{
  "name": "zoey-backend",
  "version": "1.0.0",
  "lockfileVersion": 3,
  "requires": true,
  "packages": {
    "": {
      "name": "zoey-backend",
      "version": "1.0.0",
      "dependencies": {
        "nodemailer": "6.9.15"
      },
      "engines": {
        "node": ">=22.5.0"
      }
    },
    "node_modules/nodemailer": {
      "version": "6.9.15",
      "license": "MIT-0",
      "engines": {
        "node": ">=6.0.0"
      }
    }
  }
}
